// !$*UTF8*$!
{
	archiveVersion = 1;
	classes = {
	};
	objectVersion = 50;
	objects = {

/* Begin PBXBuildFile section */
		D48F802D2302B89E0028135D /* AppDelegate.m in Sources */ = {isa = PBXBuildFile; fileRef = D48F802C2302B89E0028135D /* AppDelegate.m */; };
		D48F80302302B89E0028135D /* ViewController.m in Sources */ = {isa = PBXBuildFile; fileRef = D48F802F2302B89E0028135D /* ViewController.m */; };
		D48F80332302B89E0028135D /* Main.storyboard in Resources */ = {isa = PBXBuildFile; fileRef = D48F80312302B89E0028135D /* Main.storyboard */; };
		D48F80352302B89F0028135D /* Assets.xcassets in Resources */ = {isa = PBXBuildFile; fileRef = D48F80342302B89F0028135D /* Assets.xcassets */; };
		D48F80382302B89F0028135D /* LaunchScreen.storyboard in Resources */ = {isa = PBXBuildFile; fileRef = D48F80362302B89F0028135D /* LaunchScreen.storyboard */; };
		D48F803B2302B89F0028135D /* main.m in Sources */ = {isa = PBXBuildFile; fileRef = D48F803A2302B89F0028135D /* main.m */; };
		D48F80442302B9320028135D /* AdLimeSdk.bundle in Resources */ = {isa = PBXBuildFile; fileRef = D48F80422302B9320028135D /* AdLimeSdk.bundle */; };
		D48F80452302B9320028135D /* AdLimeSdk.framework in Frameworks */ = {isa = PBXBuildFile; fileRef = D48F80432302B9320028135D /* AdLimeSdk.framework */; };
/* End PBXBuildFile section */

/* Begin PBXFileReference section */
		D48F80282302B89E0028135D /* AdLimeDemo.app */ = {isa = PBXFileReference; explicitFileType = wrapper.application; includeInIndex = 0; path = AdLimeDemo.app; sourceTree = BUILT_PRODUCTS_DIR; };
		D48F802B2302B89E0028135D /* AppDelegate.h */ = {isa = PBXFileReference; lastKnownFileType = sourcecode.c.h; path = AppDelegate.h; sourceTree = "<group>"; };
		D48F802C2302B89E0028135D /* AppDelegate.m */ = {isa = PBXFileReference; lastKnownFileType = sourcecode.c.objc; path = AppDelegate.m; sourceTree = "<group>"; };
		D48F802E2302B89E0028135D /* ViewController.h */ = {isa = PBXFileReference; lastKnownFileType = sourcecode.c.h; path = ViewController.h; sourceTree = "<group>"; };
		D48F802F2302B89E0028135D /* ViewController.m */ = {isa = PBXFileReference; lastKnownFileType = sourcecode.c.objc; path = ViewController.m; sourceTree = "<group>"; };
		D48F80322302B89E0028135D /* Base */ = {isa = PBXFileReference; lastKnownFileType = file.storyboard; name = Base; path = Base.lproj/Main.storyboard; sourceTree = "<group>"; };
		D48F80342302B89F0028135D /* Assets.xcassets */ = {isa = PBXFileReference; lastKnownFileType = folder.assetcatalog; path = Assets.xcassets; sourceTree = "<group>"; };
		D48F80372302B89F0028135D /* Base */ = {isa = PBXFileReference; lastKnownFileType = file.storyboard; name = Base; path = Base.lproj/LaunchScreen.storyboard; sourceTree = "<group>"; };
		D48F80392302B89F0028135D /* Info.plist */ = {isa = PBXFileReference; lastKnownFileType = text.plist.xml; path = Info.plist; sourceTree = "<group>"; };
		D48F803A2302B89F0028135D /* main.m */ = {isa = PBXFileReference; lastKnownFileType = sourcecode.c.objc; path = main.m; sourceTree = "<group>"; };
		D48F80422302B9320028135D /* AdLimeSdk.bundle */ = {isa = PBXFileReference; lastKnownFileType = "wrapper.plug-in"; path = AdLimeSdk.bundle; sourceTree = "<group>"; };
		D48F80432302B9320028135D /* AdLimeSdk.framework */ = {isa = PBXFileReference; lastKnownFileType = wrapper.framework; path = AdLimeSdk.framework; sourceTree = "<group>"; };
/* End PBXFileReference section */

/* Begin PBXFrameworksBuildPhase section */
		D48F80252302B89E0028135D /* Frameworks */ = {
			isa = PBXFrameworksBuildPhase;
			buildActionMask = 2147483647;
			files = (
				D48F80452302B9320028135D /* AdLimeSdk.framework in Frameworks */,
			);
			runOnlyForDeploymentPostprocessing = 0;
		};
/* End PBXFrameworksBuildPhase section */

/* Begin PBXGroup section */
		D48F801F2302B89E0028135D = {
			isa = PBXGroup;
			children = (
				D48F802A2302B89E0028135D /* AdLimeDemo */,
				D48F80292302B89E0028135D /* Products */,
			);
			sourceTree = "<group>";
		};
		D48F80292302B89E0028135D /* Products */ = {
			isa = PBXGroup;
			children = (
				D48F80282302B89E0028135D /* AdLimeDemo.app */,
			);
			name = Products;
			sourceTree = "<group>";
		};
		D48F802A2302B89E0028135D /* AdLimeDemo */ = {
			isa = PBXGroup;
			children = (
				D48F80412302B9320028135D /* framework */,
				D48F802B2302B89E0028135D /* AppDelegate.h */,
				D48F802C2302B89E0028135D /* AppDelegate.m */,
				D48F802E2302B89E0028135D /* ViewController.h */,
				D48F802F2302B89E0028135D /* ViewController.m */,
				D48F80312302B89E0028135D /* Main.storyboard */,
				D48F80342302B89F0028135D /* Assets.xcassets */,
				D48F80362302B89F0028135D /* LaunchScreen.storyboard */,
				D48F80392302B89F0028135D /* Info.plist */,
				D48F803A2302B89F0028135D /* main.m */,
			);
			path = AdLimeDemo;
			sourceTree = "<group>";
		};
		D48F80412302B9320028135D /* framework */ = {
			isa = PBXGroup;
			children = (
				D48F80422302B9320028135D /* AdLimeSdk.bundle */,
				D48F80432302B9320028135D /* AdLimeSdk.framework */,
			);
			path = framework;
			sourceTree = "<group>";
		};
/* End PBXGroup section */

/* Begin PBXNativeTarget section */
		D48F80272302B89E0028135D /* AdLimeDemo */ = {
			isa = PBXNativeTarget;
			buildConfigurationList = D48F803E2302B89F0028135D /* Build configuration list for PBXNativeTarget "AdLimeDemo" */;
			buildPhases = (
				D48F80242302B89E0028135D /* Sources */,
				D48F80252302B89E0028135D /* Frameworks */,
				D48F80262302B89E0028135D /* Resources */,
			);
			buildRules = (
			);
			dependencies = (
			);
			name = AdLimeDemo;
			productName = AdLimeDemo;
			productReference = D48F80282302B89E0028135D /* AdLimeDemo.app */;
			productType = "com.apple.product-type.application";
		};
/* End PBXNativeTarget section */

/* Begin PBXProject section */
		D48F80202302B89E0028135D /* Project object */ = {
			isa = PBXProject;
			attributes = {
				LastUpgradeCheck = 1030;
				ORGANIZATIONNAME = adlime;
				TargetAttributes = {
					D48F80272302B89E0028135D = {
						CreatedOnToolsVersion = 10.3;
					};
				};
			};
			buildConfigurationList = D48F80232302B89E0028135D /* Build configuration list for PBXProject "AdLimeDemo" */;
			compatibilityVersion = "Xcode 9.3";
			developmentRegion = en;
			hasScannedForEncodings = 0;
			knownRegions = (
				en,
				Base,
			);
			mainGroup = D48F801F2302B89E0028135D;
			productRefGroup = D48F80292302B89E0028135D /* Products */;
			projectDirPath = "";
			projectRoot = "";
			targets = (
				D48F80272302B89E0028135D /* AdLimeDemo */,
			);
		};
/* End PBXProject section */

/* Begin PBXResourcesBuildPhase section */
		D48F80262302B89E0028135D /* Resources */ = {
			isa = PBXResourcesBuildPhase;
			buildActionMask = 2147483647;
			files = (
				D48F80382302B89F0028135D /* LaunchScreen.storyboard in Resources */,
				D48F80352302B89F0028135D /* Assets.xcassets in Resources */,
				D48F80442302B9320028135D /* AdLimeSdk.bundle in Resources */,
				D48F80332302B89E0028135D /* Main.storyboard in Resources */,
			);
			runOnlyForDeploymentPostprocessing = 0;
		};
/* End PBXResourcesBuildPhase section */

/* Begin PBXSourcesBuildPhase section */
		D48F80242302B89E0028135D /* Sources */ = {
			isa = PBXSourcesBuildPhase;
			buildActionMask = 2147483647;
			files = (
				D48F80302302B89E0028135D /* ViewController.m in Sources */,
				D48F803B2302B89F0028135D /* main.m in Sources */,
				D48F802D2302B89E0028135D /* AppDelegate.m in Sources */,
			);
			runOnlyForDeploymentPostprocessing = 0;
		};
/* End PBXSourcesBuildPhase section */

/* Begin PBXVariantGroup section */
		D48F80312302B89E0028135D /* Main.storyboard */ = {
			isa = PBXVariantGroup;
			children = (
				D48F80322302B89E0028135D /* Base */,
			);
			name = Main.storyboard;
			sourceTree = "<group>";
		};
		D48F80362302B89F0028135D /* LaunchScreen.storyboard */ = {
			isa = PBXVariantGroup;
			children = (
				D48F80372302B89F0028135D /* Base */,
			);
			name = LaunchScreen.storyboard;
			sourceTree = "<group>";
		};
/* End PBXVariantGroup section */

/* Begin XCBuildConfiguration section */
		D48F803C2302B89F0028135D /* Debug */ = {
			isa = XCBuildConfiguration;
			buildSettings = {
				ALWAYS_SEARCH_USER_PATHS = NO;
				CLANG_ANALYZER_NONNULL = YES;
				CLANG_ANALYZER_NUMBER_OBJECT_CONVERSION = YES_AGGRESSIVE;
				CLANG_CXX_LANGUAGE_STANDARD = "gnu++14";
				CLANG_CXX_LIBRARY = "libc++";
				CLANG_ENABLE_MODULES = YES;
				CLANG_ENABLE_OBJC_ARC = YES;
				CLANG_ENABLE_OBJC_WEAK = YES;
				CLANG_WARN_BLOCK_CAPTURE_AUTORELEASING = YES;
				CLANG_WARN_BOOL_CONVERSION = YES;
				CLANG_WARN_COMMA = YES;
				CLANG_WARN_CONSTANT_CONVERSION = YES;
				CLANG_WARN_DEPRECATED_OBJC_IMPLEMENTATIONS = YES;
				CLANG_WARN_DIRECT_OBJC_ISA_USAGE = YES_ERROR;
				CLANG_WARN_DOCUMENTATION_COMMENTS = YES;
				CLANG_WARN_EMPTY_BODY = YES;
				CLANG_WARN_ENUM_CONVERSION = YES;
				CLANG_WARN_INFINITE_RECURSION = YES;
				CLANG_WARN_INT_CONVERSION = YES;
				CLANG_WARN_NON_LITERAL_NULL_CONVERSION = YES;
				CLANG_WARN_OBJC_IMPLICIT_RETAIN_SELF = YES;
				CLANG_WARN_OBJC_LITERAL_CONVERSION = YES;
				CLANG_WARN_OBJC_ROOT_CLASS = YES_ERROR;
				CLANG_WARN_RANGE_LOOP_ANALYSIS = YES;
				CLANG_WARN_STRICT_PROTOTYPES = YES;
				CLANG_WARN_SUSPICIOUS_MOVE = YES;
				CLANG_WARN_UNGUARDED_AVAILABILITY = YES_AGGRESSIVE;
				CLANG_WARN_UNREACHABLE_CODE = YES;
				CLANG_WARN__DUPLICATE_METHOD_MATCH = YES;
				CODE_SIGN_IDENTITY = "iPhone Developer";
				COPY_PHASE_STRIP = NO;
				DEBUG_INFORMATION_FORMAT = dwarf;
				ENABLE_STRICT_OBJC_MSGSEND = YES;
				ENABLE_TESTABILITY = YES;
				GCC_C_LANGUAGE_STANDARD = gnu11;
				GCC_DYNAMIC_NO_PIC = NO;
				GCC_NO_COMMON_BLOCKS = YES;
				GCC_OPTIMIZATION_LEVEL = 0;
				GCC_PREPROCESSOR_DEFINITIONS = (
					"DEBUG=1",
					"$(inherited)",
				);
				GCC_WARN_64_TO_32_BIT_CONVERSION = YES;
				GCC_WARN_ABOUT_RETURN_TYPE = YES_ERROR;
				GCC_WARN_UNDECLARED_SELECTOR = YES;
				GCC_WARN_UNINITIALIZED_AUTOS = YES_AGGRESSIVE;
				GCC_WARN_UNUSED_FUNCTION = YES;
				GCC_WARN_UNUSED_VARIABLE = YES;
				IPHONEOS_DEPLOYMENT_TARGET = 12.4;
				MTL_ENABLE_DEBUG_INFO = INCLUDE_SOURCE;
				MTL_FAST_MATH = YES;
				ONLY_ACTIVE_ARCH = YES;
				SDKROOT = iphoneos;
			};
			name = Debug;
		};
		D48F803D2302B89F0028135D /* Release */ = {
			isa = XCBuildConfiguration;
			buildSettings = {
				ALWAYS_SEARCH_USER_PATHS = NO;
				CLANG_ANALYZER_NONNULL = YES;
				CLANG_ANALYZER_NUMBER_OBJECT_CONVERSION = YES_AGGRESSIVE;
				CLANG_CXX_LANGUAGE_STANDARD = "gnu++14";
				CLANG_CXX_LIBRARY = "libc++";
				CLANG_ENABLE_MODULES = YES;
				CLANG_ENABLE_OBJC_ARC = YES;
				CLANG_ENABLE_OBJC_WEAK = YES;
				CLANG_WARN_BLOCK_CAPTURE_AUTORELEASING = YES;
				CLANG_WARN_BOOL_CONVERSION = YES;
				CLANG_WARN_COMMA = YES;
				CLANG_WARN_CONSTANT_CONVERSION = YES;
				CLANG_WARN_DEPRECATED_OBJC_IMPLEMENTATIONS = YES;
				CLANG_WARN_DIRECT_OBJC_ISA_USAGE = YES_ERROR;
				CLANG_WARN_DOCUMENTATION_COMMENTS = YES;
				CLANG_WARN_EMPTY_BODY = YES;
				CLANG_WARN_ENUM_CONVERSION = YES;
				CLANG_WARN_INFINITE_RECURSION = YES;
				CLANG_WARN_INT_CONVERSION = YES;
				CLANG_WARN_NON_LITERAL_NULL_CONVERSION = YES;
				CLANG_WARN_OBJC_IMPLICIT_RETAIN_SELF = YES;
				CLANG_WARN_OBJC_LITERAL_CONVERSION = YES;
				CLANG_WARN_OBJC_ROOT_CLASS = YES_ERROR;
				CLANG_WARN_RANGE_LOOP_ANALYSIS = YES;
				CLANG_WARN_STRICT_PROTOTYPES = YES;
				CLANG_WARN_SUSPICIOUS_MOVE = YES;
				CLANG_WARN_UNGUARDED_AVAILABILITY = YES_AGGRESSIVE;
				CLANG_WARN_UNREACHABLE_CODE = YES;
				CLANG_WARN__DUPLICATE_METHOD_MATCH = YES;
				CODE_SIGN_IDENTITY = "iPhone Developer";
				COPY_PHASE_STRIP = NO;
				DEBUG_INFORMATION_FORMAT = "dwarf-with-dsym";
				ENABLE_NS_ASSERTIONS = NO;
				ENABLE_STRICT_OBJC_MSGSEND = YES;
				GCC_C_LANGUAGE_STANDARD = gnu11;
				GCC_NO_COMMON_BLOCKS = YES;
				GCC_WARN_64_TO_32_BIT_CONVERSION = YES;
				GCC_WARN_ABOUT_RETURN_TYPE = YES_ERROR;
				GCC_WARN_UNDECLARED_SELECTOR = YES;
				GCC_WARN_UNINITIALIZED_AUTOS = YES_AGGRESSIVE;
				GCC_WARN_UNUSED_FUNCTION = YES;
				GCC_WARN_UNUSED_VARIABLE = YES;
				IPHONEOS_DEPLOYMENT_TARGET = 12.4;
				MTL_ENABLE_DEBUG_INFO = NO;
				MTL_FAST_MATH = YES;
				SDKROOT = iphoneos;
				VALIDATE_PRODUCT = YES;
			};
			name = Release;
		};
		D48F803F2302B89F0028135D /* Debug */ = {
			isa = XCBuildConfiguration;
			buildSettings = {
				ASSETCATALOG_COMPILER_APPICON_NAME = AppIcon;
				CODE_SIGN_STYLE = Automatic;
				FRAMEWORK_SEARCH_PATHS = (
					"$(inherited)",
					"$(PROJECT_DIR)/AdLimeDemo/framework",
				);
				INFOPLIST_FILE = AdLimeDemo/Info.plist;
				LD_RUNPATH_SEARCH_PATHS = (
					"$(inherited)",
					"@executable_path/Frameworks",
				);
				OTHER_LDFLAGS = "-ObjC";
				PRODUCT_BUNDLE_IDENTIFIER = com.adlime.AdLimeDemo;
				PRODUCT_NAME = "$(TARGET_NAME)";
				TARGETED_DEVICE_FAMILY = "1,2";
			};
			name = Debug;
		};
		D48F80402302B89F0028135D /* Release */ = {
			isa = XCBuildConfiguration;
			buildSettings = {
				ASSETCATALOG_COMPILER_APPICON_NAME = AppIcon;
				CODE_SIGN_STYLE = Automatic;
				FRAMEWORK_SEARCH_PATHS = (
					"$(inherited)",
					"$(PROJECT_DIR)/AdLimeDemo/framework",
				);
				INFOPLIST_FILE = AdLimeDemo/Info.plist;
				LD_RUNPATH_SEARCH_PATHS = (
					"$(inherited)",
					"@executable_path/Frameworks",
				);
				OTHER_LDFLAGS = "-ObjC";
				PRODUCT_BUNDLE_IDENTIFIER = com.adlime.AdLimeDemo;
				PRODUCT_NAME = "$(TARGET_NAME)";
				TARGETED_DEVICE_FAMILY = "1,2";
			};
			name = Release;
		};
/* End XCBuildConfiguration section */

/* Begin XCConfigurationList section */
		D48F80232302B89E0028135D /* Build configuration list for PBXProject "AdLimeDemo" */ = {
			isa = XCConfigurationList;
			buildConfigurations = (
				D48F803C2302B89F0028135D /* Debug */,
				D48F803D2302B89F0028135D /* Release */,
			);
			defaultConfigurationIsVisible = 0;
			defaultConfigurationName = Release;
		};
		D48F803E2302B89F0028135D /* Build configuration list for PBXNativeTarget "AdLimeDemo" */ = {
			isa = XCConfigurationList;
			buildConfigurations = (
				D48F803F2302B89F0028135D /* Debug */,
				D48F80402302B89F0028135D /* Release */,
			);
			defaultConfigurationIsVisible = 0;
			defaultConfigurationName = Release;
		};
/* End XCConfigurationList section */
	};
	rootObject = D48F80202302B89E0028135D /* Project object */;
}
